
Microsoft Visual Studio Solution File, Format Version 12.00
# Visual Studio Version 17
VisualStudioVersion = 17.7.34031.279
MinimumVisualStudioVersion = 10.0.40219.1
Project("{FAE04EC0-301F-11D3-BF4B-00C04F79EFBC}") = "ListaTelefonica", "ListaTelefonica.csproj", "{CDAC71D0-11FA-4D16-BBE9-F6CC68100D7F}"
EndProject
Global
	GlobalSection(SolutionConfigurationPlatforms) = preSolution
		Debug|Any CPU = Debug|Any CPU
		Release|Any CPU = Release|Any CPU
	EndGlobalSection
	GlobalSection(ProjectConfigurationPlatforms) = postSolution
		{CDAC71D0-11FA-4D16-BBE9-F6CC68100D7F}.Debug|Any CPU.ActiveCfg = Debug|Any CPU
		{CDAC71D0-11FA-4D16-BBE9-F6CC68100D7F}.Debug|Any CPU.Build.0 = Debug|Any CPU
		{CDAC71D0-11FA-4D16-BBE9-F6CC68100D7F}.Release|Any CPU.ActiveCfg = Release|Any CPU
		{CDAC71D0-11FA-4D16-BBE9-F6CC68100D7F}.Release|Any CPU.Build.0 = Release|Any CPU
	EndGlobalSection
	GlobalSection(SolutionProperties) = preSolution
		HideSolutionNode = FALSE
	EndGlobalSection
	GlobalSection(ExtensibilityGlobals) = postSolution
		SolutionGuid = {DCD9F384-CE84-475B-920B-C7CD138BD4CD}
	EndGlobalSection
EndGlobal
